
Microsoft Visual Studio Solution File, Format Version 12.00
# Visual Studio Version 16
VisualStudioVersion = 16.0.31613.86
MinimumVisualStudioVersion = 10.0.40219.1
Project("{FAE04EC0-301F-11D3-BF4B-00C04F79EFBC}") = "DefiningClasses_3_Karcher", "DefiningClasses_3_Karcher.csproj", "{AA8BCC95-476C-4174-8BC6-BFD42DB34327}"
EndProject
Global
	GlobalSection(SolutionConfigurationPlatforms) = preSolution
		Debug|Any CPU = Debug|Any CPU
		Release|Any CPU = Release|Any CPU
	EndGlobalSection
	GlobalSection(ProjectConfigurationPlatforms) = postSolution
		{AA8BCC95-476C-4174-8BC6-BFD42DB34327}.Debug|Any CPU.ActiveCfg = Debug|Any CPU
		{AA8BCC95-476C-4174-8BC6-BFD42DB34327}.Debug|Any CPU.Build.0 = Debug|Any CPU
		{AA8BCC95-476C-4174-8BC6-BFD42DB34327}.Release|Any CPU.ActiveCfg = Release|Any CPU
		{AA8BCC95-476C-4174-8BC6-BFD42DB34327}.Release|Any CPU.Build.0 = Release|Any CPU
	EndGlobalSection
	GlobalSection(SolutionProperties) = preSolution
		HideSolutionNode = FALSE
	EndGlobalSection
	GlobalSection(ExtensibilityGlobals) = postSolution
		SolutionGuid = {9F793EA2-C671-4CC6-A464-ADA54D38924E}
	EndGlobalSection
EndGlobal
